
Microsoft Visual Studio Solution File, Format Version 12.00
# Visual Studio 14
VisualStudioVersion = 14.0.22609.0
MinimumVisualStudioVersion = 10.0.40219.1
Project("{2150E333-8FDC-42A3-9474-1A3956D46DE8}") = "Solution Items", "Solution Items", "{234C2733-4068-470F-96ED-D111EBF9A10E}"
	ProjectSection(SolutionItems) = preProject
		MainKey.snk = MainKey.snk
		XAMLReplace.targets = XAMLReplace.targets
	EndProjectSection
EndProject
Project("{2150E333-8FDC-42A3-9474-1A3956D46DE8}") = "Libraries", "Libraries", "{5AF34993-CF54-45A1-A3E1-5EFDC7794BC1}"
EndProject
Project("{2150E333-8FDC-42A3-9474-1A3956D46DE8}") = "TestApplications", "TestApplications", "{C1E46203-E3D8-47EE-B26F-39013E9F102C}"
EndProject
Project("{FAE04EC0-301F-11D3-BF4B-00C04F79EFBC}") = "TestApplication.WinRT", "TestApplication.WinRT\TestApplication.WinRT.csproj", "{DE51F78A-3783-4945-9D78-CE25F3BFA728}"
EndProject
Project("{FAE04EC0-301F-11D3-BF4B-00C04F79EFBC}") = "TestApplicationWPF", "TestApplicationWPF\TestApplicationWPF.csproj", "{236C3E19-26D1-4C90-AF3D-A44696B641DE}"
EndProject
Project("{FAE04EC0-301F-11D3-BF4B-00C04F79EFBC}") = "De.TorstenMandelkow.MetroChart.WinRT", "De.TorstenMandelkow.MetroChart.WinRT\De.TorstenMandelkow.MetroChart.WinRT.csproj", "{229F48A7-2922-4F26-AFC7-6A2DCE096E90}"
EndProject
Project("{FAE04EC0-301F-11D3-BF4B-00C04F79EFBC}") = "De.TorstenMandelkow.MetroChart.WPF", "De.TorstenMandelkow.MetroChart.WPF\De.TorstenMandelkow.MetroChart.WPF.csproj", "{4AB4B0DB-780C-48B9-A642-8E527353D957}"
EndProject
Project("{FAE04EC0-301F-11D3-BF4B-00C04F79EFBC}") = "De.TorstenMandelkow.MetroChart.SL", "De.TorstenMandelkow.MetroChart.SL\De.TorstenMandelkow.MetroChart.SL.csproj", "{46DD5FB9-30E3-488F-8FF5-13F33DC5A488}"
EndProject
Project("{FAE04EC0-301F-11D3-BF4B-00C04F79EFBC}") = "TestApplicationSL", "TestApplicationSL\TestApplicationSL.csproj", "{8F0A4417-85C6-4545-B9B2-5FF99035E369}"
EndProject
Project("{FAE04EC0-301F-11D3-BF4B-00C04F79EFBC}") = "TestApplicationSL.Web", "TestApplicationSL.Web\TestApplicationSL.Web.csproj", "{6C68FA92-873E-485E-8019-0B5EA7567CF7}"
EndProject
Project("{FAE04EC0-301F-11D3-BF4B-00C04F79EFBC}") = "De.TorstenMandelkow.MetroChart", "De.TorstenMandelkow.MetroChart\De.TorstenMandelkow.MetroChart.csproj", "{FA286411-E476-4BD0-ABE9-7AE69226069C}"
EndProject
Project("{FAE04EC0-301F-11D3-BF4B-00C04F79EFBC}") = "TestApplication.Shared", "TestApplication.Shared\TestApplication.Shared.csproj", "{BE0FB0DA-8BC0-4604-B865-F0DFC7E9FF10}"
EndProject
Global
	GlobalSection(SolutionConfigurationPlatforms) = preSolution
		Debug|Any CPU = Debug|Any CPU
		Debug|ARM = Debug|ARM
		Debug|x64 = Debug|x64
		Debug|x86 = Debug|x86
		Release|Any CPU = Release|Any CPU
		Release|ARM = Release|ARM
		Release|x64 = Release|x64
		Release|x86 = Release|x86
	EndGlobalSection
	GlobalSection(ProjectConfigurationPlatforms) = postSolution
		{DE51F78A-3783-4945-9D78-CE25F3BFA728}.Debug|Any CPU.ActiveCfg = Debug|Any CPU
		{DE51F78A-3783-4945-9D78-CE25F3BFA728}.Debug|Any CPU.Build.0 = Debug|Any CPU
		{DE51F78A-3783-4945-9D78-CE25F3BFA728}.Debug|Any CPU.Deploy.0 = Debug|Any CPU
		{DE51F78A-3783-4945-9D78-CE25F3BFA728}.Debug|ARM.ActiveCfg = Debug|ARM
		{DE51F78A-3783-4945-9D78-CE25F3BFA728}.Debug|ARM.Build.0 = Debug|ARM
		{DE51F78A-3783-4945-9D78-CE25F3BFA728}.Debug|ARM.Deploy.0 = Debug|ARM
		{DE51F78A-3783-4945-9D78-CE25F3BFA728}.Debug|x64.ActiveCfg = Debug|x64
		{DE51F78A-3783-4945-9D78-CE25F3BFA728}.Debug|x64.Build.0 = Debug|x64
		{DE51F78A-3783-4945-9D78-CE25F3BFA728}.Debug|x64.Deploy.0 = Debug|x64
		{DE51F78A-3783-4945-9D78-CE25F3BFA728}.Debug|x86.ActiveCfg = Debug|x86
		{DE51F78A-3783-4945-9D78-CE25F3BFA728}.Debug|x86.Build.0 = Debug|x86
		{DE51F78A-3783-4945-9D78-CE25F3BFA728}.Debug|x86.Deploy.0 = Debug|x86
		{DE51F78A-3783-4945-9D78-CE25F3BFA728}.Release|Any CPU.ActiveCfg = Release|Any CPU
		{DE51F78A-3783-4945-9D78-CE25F3BFA728}.Release|Any CPU.Build.0 = Release|Any CPU
		{DE51F78A-3783-4945-9D78-CE25F3BFA728}.Release|Any CPU.Deploy.0 = Release|Any CPU
		{DE51F78A-3783-4945-9D78-CE25F3BFA728}.Release|ARM.ActiveCfg = Release|ARM
		{DE51F78A-3783-4945-9D78-CE25F3BFA728}.Release|ARM.Build.0 = Release|ARM
		{DE51F78A-3783-4945-9D78-CE25F3BFA728}.Release|ARM.Deploy.0 = Release|ARM
		{DE51F78A-3783-4945-9D78-CE25F3BFA728}.Release|x64.ActiveCfg = Release|x64
		{DE51F78A-3783-4945-9D78-CE25F3BFA728}.Release|x64.Build.0 = Release|x64
		{DE51F78A-3783-4945-9D78-CE25F3BFA728}.Release|x64.Deploy.0 = Release|x64
		{DE51F78A-3783-4945-9D78-CE25F3BFA728}.Release|x86.ActiveCfg = Release|x86
		{DE51F78A-3783-4945-9D78-CE25F3BFA728}.Release|x86.Build.0 = Release|x86
		{DE51F78A-3783-4945-9D78-CE25F3BFA728}.Release|x86.Deploy.0 = Release|x86
		{236C3E19-26D1-4C90-AF3D-A44696B641DE}.Debug|Any CPU.ActiveCfg = Debug|Any CPU
		{236C3E19-26D1-4C90-AF3D-A44696B641DE}.Debug|Any CPU.Build.0 = Debug|Any CPU
		{236C3E19-26D1-4C90-AF3D-A44696B641DE}.Debug|ARM.ActiveCfg = Debug|Any CPU
		{236C3E19-26D1-4C90-AF3D-A44696B641DE}.Debug|x64.ActiveCfg = Debug|Any CPU
		{236C3E19-26D1-4C90-AF3D-A44696B641DE}.Debug|x86.ActiveCfg = Debug|Any CPU
		{236C3E19-26D1-4C90-AF3D-A44696B641DE}.Release|Any CPU.ActiveCfg = Release|Any CPU
		{236C3E19-26D1-4C90-AF3D-A44696B641DE}.Release|Any CPU.Build.0 = Release|Any CPU
		{236C3E19-26D1-4C90-AF3D-A44696B641DE}.Release|ARM.ActiveCfg = Release|Any CPU
		{236C3E19-26D1-4C90-AF3D-A44696B641DE}.Release|x64.ActiveCfg = Release|Any CPU
		{236C3E19-26D1-4C90-AF3D-A44696B641DE}.Release|x86.ActiveCfg = Release|Any CPU
		{229F48A7-2922-4F26-AFC7-6A2DCE096E90}.Debug|Any CPU.ActiveCfg = Debug|Any CPU
		{229F48A7-2922-4F26-AFC7-6A2DCE096E90}.Debug|Any CPU.Build.0 = Debug|Any CPU
		{229F48A7-2922-4F26-AFC7-6A2DCE096E90}.Debug|ARM.ActiveCfg = Debug|ARM
		{229F48A7-2922-4F26-AFC7-6A2DCE096E90}.Debug|ARM.Build.0 = Debug|ARM
		{229F48A7-2922-4F26-AFC7-6A2DCE096E90}.Debug|x64.ActiveCfg = Debug|x64
		{229F48A7-2922-4F26-AFC7-6A2DCE096E90}.Debug|x64.Build.0 = Debug|x64
		{229F48A7-2922-4F26-AFC7-6A2DCE096E90}.Debug|x86.ActiveCfg = Debug|x86
		{229F48A7-2922-4F26-AFC7-6A2DCE096E90}.Debug|x86.Build.0 = Debug|x86
		{229F48A7-2922-4F26-AFC7-6A2DCE096E90}.Release|Any CPU.ActiveCfg = Release|Any CPU
		{229F48A7-2922-4F26-AFC7-6A2DCE096E90}.Release|Any CPU.Build.0 = Release|Any CPU
		{229F48A7-2922-4F26-AFC7-6A2DCE096E90}.Release|ARM.ActiveCfg = Release|ARM
		{229F48A7-2922-4F26-AFC7-6A2DCE096E90}.Release|ARM.Build.0 = Release|ARM
		{229F48A7-2922-4F26-AFC7-6A2DCE096E90}.Release|x64.ActiveCfg = Release|x64
		{229F48A7-2922-4F26-AFC7-6A2DCE096E90}.Release|x64.Build.0 = Release|x64
		{229F48A7-2922-4F26-AFC7-6A2DCE096E90}.Release|x86.ActiveCfg = Release|x86
		{229F48A7-2922-4F26-AFC7-6A2DCE096E90}.Release|x86.Build.0 = Release|x86
		{4AB4B0DB-780C-48B9-A642-8E527353D957}.Debug|Any CPU.ActiveCfg = Debug|Any CPU
		{4AB4B0DB-780C-48B9-A642-8E527353D957}.Debug|Any CPU.Build.0 = Debug|Any CPU
		{4AB4B0DB-780C-48B9-A642-8E527353D957}.Debug|ARM.ActiveCfg = Debug|Any CPU
		{4AB4B0DB-780C-48B9-A642-8E527353D957}.Debug|x64.ActiveCfg = Debug|Any CPU
		{4AB4B0DB-780C-48B9-A642-8E527353D957}.Debug|x86.ActiveCfg = Debug|Any CPU
		{4AB4B0DB-780C-48B9-A642-8E527353D957}.Release|Any CPU.ActiveCfg = Release|Any CPU
		{4AB4B0DB-780C-48B9-A642-8E527353D957}.Release|Any CPU.Build.0 = Release|Any CPU
		{4AB4B0DB-780C-48B9-A642-8E527353D957}.Release|ARM.ActiveCfg = Release|Any CPU
		{4AB4B0DB-780C-48B9-A642-8E527353D957}.Release|x64.ActiveCfg = Release|Any CPU
		{4AB4B0DB-780C-48B9-A642-8E527353D957}.Release|x86.ActiveCfg = Release|Any CPU
		{46DD5FB9-30E3-488F-8FF5-13F33DC5A488}.Debug|Any CPU.ActiveCfg = Debug|Any CPU
		{46DD5FB9-30E3-488F-8FF5-13F33DC5A488}.Debug|Any CPU.Build.0 = Debug|Any CPU
		{46DD5FB9-30E3-488F-8FF5-13F33DC5A488}.Debug|ARM.ActiveCfg = Debug|Any CPU
		{46DD5FB9-30E3-488F-8FF5-13F33DC5A488}.Debug|x64.ActiveCfg = Debug|Any CPU
		{46DD5FB9-30E3-488F-8FF5-13F33DC5A488}.Debug|x86.ActiveCfg = Debug|Any CPU
		{46DD5FB9-30E3-488F-8FF5-13F33DC5A488}.Release|Any CPU.ActiveCfg = Release|Any CPU
		{46DD5FB9-30E3-488F-8FF5-13F33DC5A488}.Release|Any CPU.Build.0 = Release|Any CPU
		{46DD5FB9-30E3-488F-8FF5-13F33DC5A488}.Release|ARM.ActiveCfg = Release|Any CPU
		{46DD5FB9-30E3-488F-8FF5-13F33DC5A488}.Release|x64.ActiveCfg = Release|Any CPU
		{46DD5FB9-30E3-488F-8FF5-13F33DC5A488}.Release|x86.ActiveCfg = Release|Any CPU
		{8F0A4417-85C6-4545-B9B2-5FF99035E369}.Debug|Any CPU.ActiveCfg = Debug|Any CPU
		{8F0A4417-85C6-4545-B9B2-5FF99035E369}.Debug|Any CPU.Build.0 = Debug|Any CPU
		{8F0A4417-85C6-4545-B9B2-5FF99035E369}.Debug|ARM.ActiveCfg = Debug|Any CPU
		{8F0A4417-85C6-4545-B9B2-5FF99035E369}.Debug|x64.ActiveCfg = Debug|Any CPU
		{8F0A4417-85C6-4545-B9B2-5FF99035E369}.Debug|x86.ActiveCfg = Debug|Any CPU
		{8F0A4417-85C6-4545-B9B2-5FF99035E369}.Release|Any CPU.ActiveCfg = Release|Any CPU
		{8F0A4417-85C6-4545-B9B2-5FF99035E369}.Release|Any CPU.Build.0 = Release|Any CPU
		{8F0A4417-85C6-4545-B9B2-5FF99035E369}.Release|ARM.ActiveCfg = Release|Any CPU
		{8F0A4417-85C6-4545-B9B2-5FF99035E369}.Release|x64.ActiveCfg = Release|Any CPU
		{8F0A4417-85C6-4545-B9B2-5FF99035E369}.Release|x86.ActiveCfg = Release|Any CPU
		{6C68FA92-873E-485E-8019-0B5EA7567CF7}.Debug|Any CPU.ActiveCfg = Debug|Any CPU
		{6C68FA92-873E-485E-8019-0B5EA7567CF7}.Debug|Any CPU.Build.0 = Debug|Any CPU
		{6C68FA92-873E-485E-8019-0B5EA7567CF7}.Debug|ARM.ActiveCfg = Debug|Any CPU
		{6C68FA92-873E-485E-8019-0B5EA7567CF7}.Debug|x64.ActiveCfg = Debug|Any CPU
		{6C68FA92-873E-485E-8019-0B5EA7567CF7}.Debug|x86.ActiveCfg = Debug|Any CPU
		{6C68FA92-873E-485E-8019-0B5EA7567CF7}.Release|Any CPU.ActiveCfg = Release|Any CPU
		{6C68FA92-873E-485E-8019-0B5EA7567CF7}.Release|Any CPU.Build.0 = Release|Any CPU
		{6C68FA92-873E-485E-8019-0B5EA7567CF7}.Release|ARM.ActiveCfg = Release|Any CPU
		{6C68FA92-873E-485E-8019-0B5EA7567CF7}.Release|x64.ActiveCfg = Release|Any CPU
		{6C68FA92-873E-485E-8019-0B5EA7567CF7}.Release|x86.ActiveCfg = Release|Any CPU
		{FA286411-E476-4BD0-ABE9-7AE69226069C}.Debug|Any CPU.ActiveCfg = Debug|Any CPU
		{FA286411-E476-4BD0-ABE9-7AE69226069C}.Debug|ARM.ActiveCfg = Debug|Any CPU
		{FA286411-E476-4BD0-ABE9-7AE69226069C}.Debug|x64.ActiveCfg = Debug|Any CPU
		{FA286411-E476-4BD0-ABE9-7AE69226069C}.Debug|x86.ActiveCfg = Debug|Any CPU
		{FA286411-E476-4BD0-ABE9-7AE69226069C}.Release|Any CPU.ActiveCfg = Release|Any CPU
		{FA286411-E476-4BD0-ABE9-7AE69226069C}.Release|Any CPU.Build.0 = Release|Any CPU
		{FA286411-E476-4BD0-ABE9-7AE69226069C}.Release|ARM.ActiveCfg = Release|Any CPU
		{FA286411-E476-4BD0-ABE9-7AE69226069C}.Release|x64.ActiveCfg = Release|Any CPU
		{FA286411-E476-4BD0-ABE9-7AE69226069C}.Release|x86.ActiveCfg = Release|Any CPU
		{BE0FB0DA-8BC0-4604-B865-F0DFC7E9FF10}.Debug|Any CPU.ActiveCfg = Debug|Any CPU
		{BE0FB0DA-8BC0-4604-B865-F0DFC7E9FF10}.Debug|Any CPU.Build.0 = Debug|Any CPU
		{BE0FB0DA-8BC0-4604-B865-F0DFC7E9FF10}.Debug|ARM.ActiveCfg = Debug|Any CPU
		{BE0FB0DA-8BC0-4604-B865-F0DFC7E9FF10}.Debug|x64.ActiveCfg = Debug|Any CPU
		{BE0FB0DA-8BC0-4604-B865-F0DFC7E9FF10}.Debug|x86.ActiveCfg = Debug|Any CPU
		{BE0FB0DA-8BC0-4604-B865-F0DFC7E9FF10}.Release|Any CPU.ActiveCfg = Release|Any CPU
		{BE0FB0DA-8BC0-4604-B865-F0DFC7E9FF10}.Release|Any CPU.Build.0 = Release|Any CPU
		{BE0FB0DA-8BC0-4604-B865-F0DFC7E9FF10}.Release|ARM.ActiveCfg = Release|Any CPU
		{BE0FB0DA-8BC0-4604-B865-F0DFC7E9FF10}.Release|x64.ActiveCfg = Release|Any CPU
		{BE0FB0DA-8BC0-4604-B865-F0DFC7E9FF10}.Release|x86.ActiveCfg = Release|Any CPU
	EndGlobalSection
	GlobalSection(SolutionProperties) = preSolution
		HideSolutionNode = FALSE
	EndGlobalSection
	GlobalSection(NestedProjects) = preSolution
		{DE51F78A-3783-4945-9D78-CE25F3BFA728} = {C1E46203-E3D8-47EE-B26F-39013E9F102C}
		{236C3E19-26D1-4C90-AF3D-A44696B641DE} = {C1E46203-E3D8-47EE-B26F-39013E9F102C}
		{229F48A7-2922-4F26-AFC7-6A2DCE096E90} = {5AF34993-CF54-45A1-A3E1-5EFDC7794BC1}
		{4AB4B0DB-780C-48B9-A642-8E527353D957} = {5AF34993-CF54-45A1-A3E1-5EFDC7794BC1}
		{46DD5FB9-30E3-488F-8FF5-13F33DC5A488} = {5AF34993-CF54-45A1-A3E1-5EFDC7794BC1}
		{8F0A4417-85C6-4545-B9B2-5FF99035E369} = {C1E46203-E3D8-47EE-B26F-39013E9F102C}
		{6C68FA92-873E-485E-8019-0B5EA7567CF7} = {C1E46203-E3D8-47EE-B26F-39013E9F102C}
		{BE0FB0DA-8BC0-4604-B865-F0DFC7E9FF10} = {C1E46203-E3D8-47EE-B26F-39013E9F102C}
	EndGlobalSection
EndGlobal
