
Microsoft Visual Studio Solution File, Format Version 11.00
# Visual Studio 2010
Project("{7CF6DF6D-3B04-46F8-A40B-537D21BCA0B4}") = "svlhelp", "WPFSoundVisualizationLibrary\svlhelp.shfbproj", "{FBA07920-1355-453A-A8C8-20D13D1AA306}"
EndProject
Global
	GlobalSection(TeamFoundationVersionControl) = preSolution
		SccNumberOfProjects = 2
		SccEnterpriseProvider = {4CA58AB2-18FA-4F8D-95D4-32DDF27D184C}
		SccTeamFoundationServer = https://tfs.codeplex.com/tfs/tfs27
		SccLocalPath0 = .
		SccProjectUniqueName1 = WPFSoundVisualizationLibrary\\svlhelp.shfbproj
		SccProjectName1 = WPFSoundVisualizationLibrary
		SccLocalPath1 = WPFSoundVisualizationLibrary
	EndGlobalSection
	GlobalSection(SolutionConfigurationPlatforms) = preSolution
		Debug|Any CPU = Debug|Any CPU
		Release|Any CPU = Release|Any CPU
	EndGlobalSection
	GlobalSection(ProjectConfigurationPlatforms) = postSolution
		{FBA07920-1355-453A-A8C8-20D13D1AA306}.Debug|Any CPU.ActiveCfg = Debug|Any CPU
		{FBA07920-1355-453A-A8C8-20D13D1AA306}.Debug|Any CPU.Build.0 = Debug|Any CPU
		{FBA07920-1355-453A-A8C8-20D13D1AA306}.Release|Any CPU.ActiveCfg = Release|Any CPU
		{FBA07920-1355-453A-A8C8-20D13D1AA306}.Release|Any CPU.Build.0 = Release|Any CPU
	EndGlobalSection
	GlobalSection(SolutionProperties) = preSolution
		HideSolutionNode = FALSE
	EndGlobalSection
EndGlobal
